
Microsoft Visual Studio Solution File, Format Version 12.00
# Visual Studio Version 17
VisualStudioVersion = 17.11.35303.130
MinimumVisualStudioVersion = 10.0.40219.1
Project("{9A19103F-16F7-4668-BE54-9A1E7A4F7556}") = "MotorcycleShopEtay", "MotorcycleShopEtay\MotorcycleShopEtay.csproj", "{0596AFD7-C805-47C7-BEFD-6880D256B8FC}"
EndProject
Global
	GlobalSection(SolutionConfigurationPlatforms) = preSolution
		Debug|Any CPU = Debug|Any CPU
		Release|Any CPU = Release|Any CPU
	EndGlobalSection
	GlobalSection(ProjectConfigurationPlatforms) = postSolution
		{0596AFD7-C805-47C7-BEFD-6880D256B8FC}.Debug|Any CPU.ActiveCfg = Debug|Any CPU
		{0596AFD7-C805-47C7-BEFD-6880D256B8FC}.Debug|Any CPU.Build.0 = Debug|Any CPU
		{0596AFD7-C805-47C7-BEFD-6880D256B8FC}.Release|Any CPU.ActiveCfg = Release|Any CPU
		{0596AFD7-C805-47C7-BEFD-6880D256B8FC}.Release|Any CPU.Build.0 = Release|Any CPU
	EndGlobalSection
	GlobalSection(SolutionProperties) = preSolution
		HideSolutionNode = FALSE
	EndGlobalSection
	GlobalSection(ExtensibilityGlobals) = postSolution
		SolutionGuid = {7DA3F141-22F8-4FC2-B7F3-2D9C29EAF43F}
	EndGlobalSection
EndGlobal
